
Microsoft Visual Studio Solution File, Format Version 12.00
# Visual Studio Version 17
VisualStudioVersion = 17.4.33110.190
MinimumVisualStudioVersion = 10.0.40219.1
Project("{FAE04EC0-301F-11D3-BF4B-00C04F79EFBC}") = "L01P02_2020PM608_RESTAURANTE", "L01P02_2020PM608_RESTAURANTE\L01P02_2020PM608_RESTAURANTE.csproj", "{E85D8F50-936A-4E82-A87A-CB4F9F53BBA0}"
EndProject
Global
	GlobalSection(SolutionConfigurationPlatforms) = preSolution
		Debug|Any CPU = Debug|Any CPU
		Release|Any CPU = Release|Any CPU
	EndGlobalSection
	GlobalSection(ProjectConfigurationPlatforms) = postSolution
		{E85D8F50-936A-4E82-A87A-CB4F9F53BBA0}.Debug|Any CPU.ActiveCfg = Debug|Any CPU
		{E85D8F50-936A-4E82-A87A-CB4F9F53BBA0}.Debug|Any CPU.Build.0 = Debug|Any CPU
		{E85D8F50-936A-4E82-A87A-CB4F9F53BBA0}.Release|Any CPU.ActiveCfg = Release|Any CPU
		{E85D8F50-936A-4E82-A87A-CB4F9F53BBA0}.Release|Any CPU.Build.0 = Release|Any CPU
	EndGlobalSection
	GlobalSection(SolutionProperties) = preSolution
		HideSolutionNode = FALSE
	EndGlobalSection
	GlobalSection(ExtensibilityGlobals) = postSolution
		SolutionGuid = {8A67160E-0E56-4521-9031-CF56D8A9E4DE}
	EndGlobalSection
EndGlobal
